
Microsoft Visual Studio Solution File, Format Version 12.00
# Visual Studio 15
VisualStudioVersion = 15.0.27004.2010
MinimumVisualStudioVersion = 10.0.40219.1
Project("{FAE04EC0-301F-11D3-BF4B-00C04F79EFBC}") = "EFCoreOnExistingDb", "EFCoreOnExistingDb\EFCoreOnExistingDb.csproj", "{0DF74B1F-7AF7-435B-92C8-88075461A91E}"
EndProject
Project("{2150E333-8FDC-42A3-9474-1A3956D46DE8}") = "DbInitScripts", "DbInitScripts", "{4B36253E-3BFB-4685-80AF-0852E7FCD64A}"
	ProjectSection(SolutionItems) = preProject
		CreateDatabase.sql = CreateDatabase.sql
	EndProjectSection
EndProject
Global
	GlobalSection(SolutionConfigurationPlatforms) = preSolution
		Debug|Any CPU = Debug|Any CPU
		Release|Any CPU = Release|Any CPU
	EndGlobalSection
	GlobalSection(ProjectConfigurationPlatforms) = postSolution
		{0DF74B1F-7AF7-435B-92C8-88075461A91E}.Debug|Any CPU.ActiveCfg = Debug|Any CPU
		{0DF74B1F-7AF7-435B-92C8-88075461A91E}.Debug|Any CPU.Build.0 = Debug|Any CPU
		{0DF74B1F-7AF7-435B-92C8-88075461A91E}.Release|Any CPU.ActiveCfg = Release|Any CPU
		{0DF74B1F-7AF7-435B-92C8-88075461A91E}.Release|Any CPU.Build.0 = Release|Any CPU
	EndGlobalSection
	GlobalSection(SolutionProperties) = preSolution
		HideSolutionNode = FALSE
	EndGlobalSection
	GlobalSection(ExtensibilityGlobals) = postSolution
		SolutionGuid = {688E8208-39C5-4FF5-8FC2-CB78E5B8ABF2}
	EndGlobalSection
EndGlobal
